
Microsoft Visual Studio Solution File, Format Version 12.00
# Visual Studio Version 16
VisualStudioVersion = 16.0.31702.278
MinimumVisualStudioVersion = 10.0.40219.1
Project("{FAE04EC0-301F-11D3-BF4B-00C04F79EFBC}") = "BTL_MuonSach", "BTL_MuonSach\BTL_MuonSach.csproj", "{5A1709E0-9450-4796-9516-3D4C40E968A6}"
EndProject
Global
	GlobalSection(SolutionConfigurationPlatforms) = preSolution
		Debug|Any CPU = Debug|Any CPU
		Release|Any CPU = Release|Any CPU
	EndGlobalSection
	GlobalSection(ProjectConfigurationPlatforms) = postSolution
		{5A1709E0-9450-4796-9516-3D4C40E968A6}.Debug|Any CPU.ActiveCfg = Debug|Any CPU
		{5A1709E0-9450-4796-9516-3D4C40E968A6}.Debug|Any CPU.Build.0 = Debug|Any CPU
		{5A1709E0-9450-4796-9516-3D4C40E968A6}.Release|Any CPU.ActiveCfg = Release|Any CPU
		{5A1709E0-9450-4796-9516-3D4C40E968A6}.Release|Any CPU.Build.0 = Release|Any CPU
	EndGlobalSection
	GlobalSection(SolutionProperties) = preSolution
		HideSolutionNode = FALSE
	EndGlobalSection
	GlobalSection(ExtensibilityGlobals) = postSolution
		SolutionGuid = {BBAAC7EA-284F-4EBD-8FB7-EBF545DA8C9B}
	EndGlobalSection
EndGlobal
