
Microsoft Visual Studio Solution File, Format Version 12.00
# Visual Studio Version 16
VisualStudioVersion = 16.0.31702.278
MinimumVisualStudioVersion = 10.0.40219.1
Project("{FAE04EC0-301F-11D3-BF4B-00C04F79EFBC}") = "MuonSach", "MuonSach\MuonSach.csproj", "{BDBEA9CB-1CB5-44C0-BC0C-D534741519D0}"
EndProject
Global
	GlobalSection(SolutionConfigurationPlatforms) = preSolution
		Debug|Any CPU = Debug|Any CPU
		Release|Any CPU = Release|Any CPU
	EndGlobalSection
	GlobalSection(ProjectConfigurationPlatforms) = postSolution
		{BDBEA9CB-1CB5-44C0-BC0C-D534741519D0}.Debug|Any CPU.ActiveCfg = Debug|Any CPU
		{BDBEA9CB-1CB5-44C0-BC0C-D534741519D0}.Debug|Any CPU.Build.0 = Debug|Any CPU
		{BDBEA9CB-1CB5-44C0-BC0C-D534741519D0}.Release|Any CPU.ActiveCfg = Release|Any CPU
		{BDBEA9CB-1CB5-44C0-BC0C-D534741519D0}.Release|Any CPU.Build.0 = Release|Any CPU
	EndGlobalSection
	GlobalSection(SolutionProperties) = preSolution
		HideSolutionNode = FALSE
	EndGlobalSection
	GlobalSection(ExtensibilityGlobals) = postSolution
		SolutionGuid = {001EEDD6-AEBB-4A2E-95AC-D4B5921283AE}
	EndGlobalSection
EndGlobal
