
Microsoft Visual Studio Solution File, Format Version 12.00
# Visual Studio Version 16
VisualStudioVersion = 16.0.31829.152
MinimumVisualStudioVersion = 10.0.40219.1
Project("{FAE04EC0-301F-11D3-BF4B-00C04F79EFBC}") = "GiaoTrinh", "GiaoTrinh\GiaoTrinh.csproj", "{F86DC9E0-3B79-403A-8926-6B7C631440D1}"
EndProject
Global
	GlobalSection(SolutionConfigurationPlatforms) = preSolution
		Debug|Any CPU = Debug|Any CPU
		Release|Any CPU = Release|Any CPU
	EndGlobalSection
	GlobalSection(ProjectConfigurationPlatforms) = postSolution
		{F86DC9E0-3B79-403A-8926-6B7C631440D1}.Debug|Any CPU.ActiveCfg = Debug|Any CPU
		{F86DC9E0-3B79-403A-8926-6B7C631440D1}.Debug|Any CPU.Build.0 = Debug|Any CPU
		{F86DC9E0-3B79-403A-8926-6B7C631440D1}.Release|Any CPU.ActiveCfg = Release|Any CPU
		{F86DC9E0-3B79-403A-8926-6B7C631440D1}.Release|Any CPU.Build.0 = Release|Any CPU
	EndGlobalSection
	GlobalSection(SolutionProperties) = preSolution
		HideSolutionNode = FALSE
	EndGlobalSection
	GlobalSection(ExtensibilityGlobals) = postSolution
		SolutionGuid = {B1D368B1-DF7D-4743-AFDA-C080C474D7A2}
	EndGlobalSection
EndGlobal
