
Microsoft Visual Studio Solution File, Format Version 12.00
# Visual Studio Version 16
VisualStudioVersion = 16.0.31605.320
MinimumVisualStudioVersion = 10.0.40219.1
Project("{FAE04EC0-301F-11D3-BF4B-00C04F79EFBC}") = "KTQuaTrinh", "KTQuaTrinh\KTQuaTrinh.csproj", "{2DF81088-BCE7-4BF6-BA3D-6D5D10709F96}"
EndProject
Global
	GlobalSection(SolutionConfigurationPlatforms) = preSolution
		Debug|Any CPU = Debug|Any CPU
		Release|Any CPU = Release|Any CPU
	EndGlobalSection
	GlobalSection(ProjectConfigurationPlatforms) = postSolution
		{2DF81088-BCE7-4BF6-BA3D-6D5D10709F96}.Debug|Any CPU.ActiveCfg = Debug|Any CPU
		{2DF81088-BCE7-4BF6-BA3D-6D5D10709F96}.Debug|Any CPU.Build.0 = Debug|Any CPU
		{2DF81088-BCE7-4BF6-BA3D-6D5D10709F96}.Release|Any CPU.ActiveCfg = Release|Any CPU
		{2DF81088-BCE7-4BF6-BA3D-6D5D10709F96}.Release|Any CPU.Build.0 = Release|Any CPU
	EndGlobalSection
	GlobalSection(SolutionProperties) = preSolution
		HideSolutionNode = FALSE
	EndGlobalSection
	GlobalSection(ExtensibilityGlobals) = postSolution
		SolutionGuid = {D7EF3BBC-3F29-4FF1-B414-AF32EC54C2FE}
	EndGlobalSection
EndGlobal
